
Microsoft Visual Studio Solution File, Format Version 12.00
# Visual Studio Version 16
VisualStudioVersion = 16.0.29424.173
MinimumVisualStudioVersion = 10.0.40219.1
Project("{FAE04EC0-301F-11D3-BF4B-00C04F79EFBC}") = "DogGame", "DogGame.csproj", "{8A281CC1-C0DD-4D7D-98B7-A1853DEED4A2}"
EndProject
Project("{FAE04EC0-301F-11D3-BF4B-00C04F79EFBC}") = "EventLoop", "..\EventLoop\EventLoop.csproj", "{CB0BA00D-5697-4046-9E47-CBFB4FF70FC7}"
EndProject
Project("{FAE04EC0-301F-11D3-BF4B-00C04F79EFBC}") = "Game", "..\Game\Game.csproj", "{184FE487-4DA0-4F43-8986-E274D419098F}"
EndProject
Project("{2150E333-8FDC-42A3-9474-1A3956D46DE8}") = "Solution Items", "Solution Items", "{7F3AE5AA-3382-482D-8051-20AAF4FBB1E9}"
	ProjectSection(SolutionItems) = preProject
		DoubleCharacter.txt = DoubleCharacter.txt
		map.txt = map.txt
		NoCharacter.txt = NoCharacter.txt
	EndProjectSection
EndProject
Project("{FAE04EC0-301F-11D3-BF4B-00C04F79EFBC}") = "GameTests", "..\GameTests\GameTests.csproj", "{3CB96180-CF25-4C81-B8C8-AEA6C509935F}"
EndProject
Global
	GlobalSection(SolutionConfigurationPlatforms) = preSolution
		Debug|Any CPU = Debug|Any CPU
		Release|Any CPU = Release|Any CPU
	EndGlobalSection
	GlobalSection(ProjectConfigurationPlatforms) = postSolution
		{8A281CC1-C0DD-4D7D-98B7-A1853DEED4A2}.Debug|Any CPU.ActiveCfg = Debug|Any CPU
		{8A281CC1-C0DD-4D7D-98B7-A1853DEED4A2}.Debug|Any CPU.Build.0 = Debug|Any CPU
		{8A281CC1-C0DD-4D7D-98B7-A1853DEED4A2}.Release|Any CPU.ActiveCfg = Release|Any CPU
		{8A281CC1-C0DD-4D7D-98B7-A1853DEED4A2}.Release|Any CPU.Build.0 = Release|Any CPU
		{CB0BA00D-5697-4046-9E47-CBFB4FF70FC7}.Debug|Any CPU.ActiveCfg = Debug|Any CPU
		{CB0BA00D-5697-4046-9E47-CBFB4FF70FC7}.Debug|Any CPU.Build.0 = Debug|Any CPU
		{CB0BA00D-5697-4046-9E47-CBFB4FF70FC7}.Release|Any CPU.ActiveCfg = Release|Any CPU
		{CB0BA00D-5697-4046-9E47-CBFB4FF70FC7}.Release|Any CPU.Build.0 = Release|Any CPU
		{184FE487-4DA0-4F43-8986-E274D419098F}.Debug|Any CPU.ActiveCfg = Debug|Any CPU
		{184FE487-4DA0-4F43-8986-E274D419098F}.Debug|Any CPU.Build.0 = Debug|Any CPU
		{184FE487-4DA0-4F43-8986-E274D419098F}.Release|Any CPU.ActiveCfg = Release|Any CPU
		{184FE487-4DA0-4F43-8986-E274D419098F}.Release|Any CPU.Build.0 = Release|Any CPU
		{3CB96180-CF25-4C81-B8C8-AEA6C509935F}.Debug|Any CPU.ActiveCfg = Debug|Any CPU
		{3CB96180-CF25-4C81-B8C8-AEA6C509935F}.Debug|Any CPU.Build.0 = Debug|Any CPU
		{3CB96180-CF25-4C81-B8C8-AEA6C509935F}.Release|Any CPU.ActiveCfg = Release|Any CPU
		{3CB96180-CF25-4C81-B8C8-AEA6C509935F}.Release|Any CPU.Build.0 = Release|Any CPU
	EndGlobalSection
	GlobalSection(SolutionProperties) = preSolution
		HideSolutionNode = FALSE
	EndGlobalSection
	GlobalSection(ExtensibilityGlobals) = postSolution
		SolutionGuid = {20F87816-C836-429B-9340-869460B966E6}
	EndGlobalSection
EndGlobal
