
Microsoft Visual Studio Solution File, Format Version 12.00
# Visual Studio 15
VisualStudioVersion = 15.0.28307.421
MinimumVisualStudioVersion = 10.0.40219.1
Project("{FAE04EC0-301F-11D3-BF4B-00C04F79EFBC}") = "ProgressBar", "ProgressBar\ProgressBar.csproj", "{D49340C5-6AEB-431C-8E79-E132F7508764}"
EndProject
Global
	GlobalSection(SolutionConfigurationPlatforms) = preSolution
		Debug|Any CPU = Debug|Any CPU
		Release|Any CPU = Release|Any CPU
	EndGlobalSection
	GlobalSection(ProjectConfigurationPlatforms) = postSolution
		{D49340C5-6AEB-431C-8E79-E132F7508764}.Debug|Any CPU.ActiveCfg = Debug|Any CPU
		{D49340C5-6AEB-431C-8E79-E132F7508764}.Debug|Any CPU.Build.0 = Debug|Any CPU
		{D49340C5-6AEB-431C-8E79-E132F7508764}.Release|Any CPU.ActiveCfg = Release|Any CPU
		{D49340C5-6AEB-431C-8E79-E132F7508764}.Release|Any CPU.Build.0 = Release|Any CPU
	EndGlobalSection
	GlobalSection(SolutionProperties) = preSolution
		HideSolutionNode = FALSE
	EndGlobalSection
	GlobalSection(ExtensibilityGlobals) = postSolution
		SolutionGuid = {F1714E2B-E9FB-463B-9C96-540DD0AEAADD}
	EndGlobalSection
EndGlobal
