
Microsoft Visual Studio Solution File, Format Version 12.00
# Visual Studio 15
VisualStudioVersion = 15.0.28307.421
MinimumVisualStudioVersion = 10.0.40219.1
Project("{FAE04EC0-301F-11D3-BF4B-00C04F79EFBC}") = "sort_array", "sort_array\sort_array.csproj", "{81A1BACE-D5D1-4BF2-BA02-7BFEEE43402E}"
EndProject
Global
	GlobalSection(SolutionConfigurationPlatforms) = preSolution
		Debug|Any CPU = Debug|Any CPU
		Release|Any CPU = Release|Any CPU
	EndGlobalSection
	GlobalSection(ProjectConfigurationPlatforms) = postSolution
		{81A1BACE-D5D1-4BF2-BA02-7BFEEE43402E}.Debug|Any CPU.ActiveCfg = Debug|Any CPU
		{81A1BACE-D5D1-4BF2-BA02-7BFEEE43402E}.Debug|Any CPU.Build.0 = Debug|Any CPU
		{81A1BACE-D5D1-4BF2-BA02-7BFEEE43402E}.Release|Any CPU.ActiveCfg = Release|Any CPU
		{81A1BACE-D5D1-4BF2-BA02-7BFEEE43402E}.Release|Any CPU.Build.0 = Release|Any CPU
	EndGlobalSection
	GlobalSection(SolutionProperties) = preSolution
		HideSolutionNode = FALSE
	EndGlobalSection
	GlobalSection(ExtensibilityGlobals) = postSolution
		SolutionGuid = {398BF940-5A45-4EA5-83DC-6C97862EAF3E}
	EndGlobalSection
EndGlobal
