
Microsoft Visual Studio Solution File, Format Version 12.00
# Visual Studio 15
VisualStudioVersion = 15.0.28307.421
MinimumVisualStudioVersion = 10.0.40219.1
Project("{FAE04EC0-301F-11D3-BF4B-00C04F79EFBC}") = "spiral", "spiral\spiral.csproj", "{7F223FE6-DF72-474F-8F5F-A7CC4A8F998D}"
EndProject
Global
	GlobalSection(SolutionConfigurationPlatforms) = preSolution
		Debug|Any CPU = Debug|Any CPU
		Release|Any CPU = Release|Any CPU
	EndGlobalSection
	GlobalSection(ProjectConfigurationPlatforms) = postSolution
		{7F223FE6-DF72-474F-8F5F-A7CC4A8F998D}.Debug|Any CPU.ActiveCfg = Debug|Any CPU
		{7F223FE6-DF72-474F-8F5F-A7CC4A8F998D}.Debug|Any CPU.Build.0 = Debug|Any CPU
		{7F223FE6-DF72-474F-8F5F-A7CC4A8F998D}.Release|Any CPU.ActiveCfg = Release|Any CPU
		{7F223FE6-DF72-474F-8F5F-A7CC4A8F998D}.Release|Any CPU.Build.0 = Release|Any CPU
	EndGlobalSection
	GlobalSection(SolutionProperties) = preSolution
		HideSolutionNode = FALSE
	EndGlobalSection
	GlobalSection(ExtensibilityGlobals) = postSolution
		SolutionGuid = {0131E237-801E-44A9-9733-1268B73AB9A9}
	EndGlobalSection
EndGlobal
