
Microsoft Visual Studio Solution File, Format Version 12.00
# Visual Studio 15
VisualStudioVersion = 15.0.28307.421
MinimumVisualStudioVersion = 10.0.40219.1
Project("{FAE04EC0-301F-11D3-BF4B-00C04F79EFBC}") = "RareVector", "RareVector\RareVector.csproj", "{333A519A-4874-493D-AF6F-E6BBFE2DEAEC}"
EndProject
Project("{FAE04EC0-301F-11D3-BF4B-00C04F79EFBC}") = "RareVectorTests", "RareVectorTests\RareVectorTests.csproj", "{37F06FE7-9A1D-438D-A7F7-796E55CE02EA}"
EndProject
Global
	GlobalSection(SolutionConfigurationPlatforms) = preSolution
		Debug|Any CPU = Debug|Any CPU
		Release|Any CPU = Release|Any CPU
	EndGlobalSection
	GlobalSection(ProjectConfigurationPlatforms) = postSolution
		{333A519A-4874-493D-AF6F-E6BBFE2DEAEC}.Debug|Any CPU.ActiveCfg = Debug|Any CPU
		{333A519A-4874-493D-AF6F-E6BBFE2DEAEC}.Debug|Any CPU.Build.0 = Debug|Any CPU
		{333A519A-4874-493D-AF6F-E6BBFE2DEAEC}.Release|Any CPU.ActiveCfg = Release|Any CPU
		{333A519A-4874-493D-AF6F-E6BBFE2DEAEC}.Release|Any CPU.Build.0 = Release|Any CPU
		{37F06FE7-9A1D-438D-A7F7-796E55CE02EA}.Debug|Any CPU.ActiveCfg = Debug|Any CPU
		{37F06FE7-9A1D-438D-A7F7-796E55CE02EA}.Debug|Any CPU.Build.0 = Debug|Any CPU
		{37F06FE7-9A1D-438D-A7F7-796E55CE02EA}.Release|Any CPU.ActiveCfg = Release|Any CPU
		{37F06FE7-9A1D-438D-A7F7-796E55CE02EA}.Release|Any CPU.Build.0 = Release|Any CPU
	EndGlobalSection
	GlobalSection(SolutionProperties) = preSolution
		HideSolutionNode = FALSE
	EndGlobalSection
	GlobalSection(ExtensibilityGlobals) = postSolution
		SolutionGuid = {66432776-B790-41D5-9637-C123F755024D}
	EndGlobalSection
EndGlobal
