
Microsoft Visual Studio Solution File, Format Version 12.00
# Visual Studio 15
VisualStudioVersion = 15.0.28307.421
MinimumVisualStudioVersion = 10.0.40219.1
Project("{FAE04EC0-301F-11D3-BF4B-00C04F79EFBC}") = "Fibonachchi", "Fibonachchi\Fibonachchi.csproj", "{72FFE531-A57A-44F6-B79E-9A16053F092E}"
EndProject
Global
	GlobalSection(SolutionConfigurationPlatforms) = preSolution
		Debug|Any CPU = Debug|Any CPU
		Release|Any CPU = Release|Any CPU
	EndGlobalSection
	GlobalSection(ProjectConfigurationPlatforms) = postSolution
		{72FFE531-A57A-44F6-B79E-9A16053F092E}.Debug|Any CPU.ActiveCfg = Debug|Any CPU
		{72FFE531-A57A-44F6-B79E-9A16053F092E}.Debug|Any CPU.Build.0 = Debug|Any CPU
		{72FFE531-A57A-44F6-B79E-9A16053F092E}.Release|Any CPU.ActiveCfg = Release|Any CPU
		{72FFE531-A57A-44F6-B79E-9A16053F092E}.Release|Any CPU.Build.0 = Release|Any CPU
	EndGlobalSection
	GlobalSection(SolutionProperties) = preSolution
		HideSolutionNode = FALSE
	EndGlobalSection
	GlobalSection(ExtensibilityGlobals) = postSolution
		SolutionGuid = {C549DCAA-5C9A-40E5-94EF-B1F53FED2327}
	EndGlobalSection
EndGlobal
